# THIS IS AN AUTOGENERATED FILE. DO NOT EDIT THIS FILE DIRECTLY.
# yarn lockfile v1


babel-runtime@^6.11.6:
  version "6.23.0"
  resolved "https://registry.yarnpkg.com/babel-runtime/-/babel-runtime-6.23.0.tgz#0a9489f144de70efb3ce4300accdb329e2fc543b"
  dependencies:
    core-js "^2.4.0"
    regenerator-runtime "^0.10.0"

buffer-to-arraybuffer@0.0.4:
  version "0.0.4"
  resolved "https://registry.yarnpkg.com/buffer-to-arraybuffer/-/buffer-to-arraybuffer-0.0.4.tgz#f3e5e3f6f2632c71e7cdebe76ed1718fad421d4c"

core-js@^2.4.0:
  version "2.4.1"
  resolved "https://registry.yarnpkg.com/core-js/-/core-js-2.4.1.tgz#4de911e667b0eae9124e34254b53aea6fc618d3e"

encoding@^0.1.11:
  version "0.1.12"
  resolved "https://registry.yarnpkg.com/encoding/-/encoding-0.1.12.tgz#538b66f3ee62cd1ab51ec323829d1f9480c74beb"
  dependencies:
    iconv-lite "~0.4.13"

iconv-lite@~0.4.13:
  version "0.4.15"
  resolved "https://registry.yarnpkg.com/iconv-lite/-/iconv-lite-0.4.15.tgz#fe265a218ac6a57cfe854927e9d04c19825eddeb"

is-stream@^1.0.1:
  version "1.1.0"
  resolved "https://registry.yarnpkg.com/is-stream/-/is-stream-1.1.0.tgz#12d4a3dd4e68e0b79ceb8dbc84173ae80d91ca44"

node-fetch@2.0.0-alpha.3:
  version "2.0.0-alpha.3"
  resolved "https://registry.yarnpkg.com/node-fetch/-/node-fetch-2.0.0-alpha.3.tgz#8031bded671c806e4604c16b27ab1973b4fe88cc"
  dependencies:
    babel-runtime "^6.11.6"
    buffer-to-arraybuffer "0.0.4"
    encoding "^0.1.11"
    is-stream "^1.0.1"

rand-token@^0.3.0:
  version "0.3.0"
  resolved "https://registry.yarnpkg.com/rand-token/-/rand-token-0.3.0.tgz#32c0e672200867766a13601a21cef98ac67478c7"

regenerator-runtime@^0.10.0:
  version "0.10.3"
  resolved "https://registry.yarnpkg.com/regenerator-runtime/-/regenerator-runtime-0.10.3.tgz#8c4367a904b51ea62a908ac310bf99ff90a82a3e"

syncano-server@^0.7.2-29:
  version "0.7.2-29"
  resolved "https://registry.yarnpkg.com/syncano-server/-/syncano-server-0.7.2-29.tgz#bb752decba54f889b8399241f30fbedeb7d8e3e0"
  dependencies:
    node-fetch "2.0.0-alpha.3"
